
Microsoft Visual Studio Solution File, Format Version 12.00
# Visual Studio Version 17
VisualStudioVersion = 17.9.34728.123
MinimumVisualStudioVersion = 10.0.40219.1
Project("{FAE04EC0-301F-11D3-BF4B-00C04F79EFBC}") = "labsheet 03 question 4", "labsheet 03 question 4\labsheet 03 question 4.csproj", "{2CCBE3AA-8362-4F26-A124-52D6BCE08BEA}"
EndProject
Global
	GlobalSection(SolutionConfigurationPlatforms) = preSolution
		Debug|Any CPU = Debug|Any CPU
		Release|Any CPU = Release|Any CPU
	EndGlobalSection
	GlobalSection(ProjectConfigurationPlatforms) = postSolution
		{2CCBE3AA-8362-4F26-A124-52D6BCE08BEA}.Debug|Any CPU.ActiveCfg = Debug|Any CPU
		{2CCBE3AA-8362-4F26-A124-52D6BCE08BEA}.Debug|Any CPU.Build.0 = Debug|Any CPU
		{2CCBE3AA-8362-4F26-A124-52D6BCE08BEA}.Release|Any CPU.ActiveCfg = Release|Any CPU
		{2CCBE3AA-8362-4F26-A124-52D6BCE08BEA}.Release|Any CPU.Build.0 = Release|Any CPU
	EndGlobalSection
	GlobalSection(SolutionProperties) = preSolution
		HideSolutionNode = FALSE
	EndGlobalSection
	GlobalSection(ExtensibilityGlobals) = postSolution
		SolutionGuid = {009B0546-196C-4D91-BCC9-B234F95F1CD7}
	EndGlobalSection
EndGlobal
